
Microsoft Visual Studio Solution File, Format Version 12.00
# Visual Studio Version 16
VisualStudioVersion = 16.0.31205.134
MinimumVisualStudioVersion = 10.0.40219.1
Project("{2150E333-8FDC-42A3-9474-1A3956D46DE8}") = "1 - Presentation", "1 - Presentation", "{BDC94A18-8AB3-461C-B7B1-68F430E0B84E}"
EndProject
Project("{2150E333-8FDC-42A3-9474-1A3956D46DE8}") = "2 - Application", "2 - Application", "{BC663025-7727-421B-9057-550DA80C6CFF}"
EndProject
Project("{2150E333-8FDC-42A3-9474-1A3956D46DE8}") = "3 - Domain", "3 - Domain", "{7B9DDDAD-186E-4F9D-A1FE-654BC3044FA3}"
EndProject
Project("{2150E333-8FDC-42A3-9474-1A3956D46DE8}") = "4 - Infrastructure", "4 - Infrastructure", "{7FA1D5D8-09FB-4D46-9F1B-D43D88E969D1}"
EndProject
Project("{2150E333-8FDC-42A3-9474-1A3956D46DE8}") = "5 - Entities", "5 - Entities", "{679B7BFC-A14F-4A11-A2FC-F22E743632C8}"
EndProject
Project("{2150E333-8FDC-42A3-9474-1A3956D46DE8}") = "6 - Test", "6 - Test", "{63F1497A-1C2A-4A19-A186-F84CD8AF9C13}"
EndProject
Project("{2150E333-8FDC-42A3-9474-1A3956D46DE8}") = "7 - Help", "7 - Help", "{85D2AD92-31B8-4D5E-9F03-26EF9C522221}"
EndProject
Project("{9A19103F-16F7-4668-BE54-9A1E7A4F7556}") = "Entities", "Entities\Entities.csproj", "{D287ADC0-0381-4EF2-B597-7CB1EDBA8CFA}"
EndProject
Project("{9A19103F-16F7-4668-BE54-9A1E7A4F7556}") = "Infrastructure", "Infrastructure\Infrastructure.csproj", "{9074BBCB-2837-4DE0-8F58-E7D60EC68441}"
EndProject
Project("{9A19103F-16F7-4668-BE54-9A1E7A4F7556}") = "Domain.Core", "Domain.Core\Domain.Core.csproj", "{985AA3DD-0CA4-48FB-AD09-499228814E98}"
EndProject
Project("{9A19103F-16F7-4668-BE54-9A1E7A4F7556}") = "Domain.Services", "Domain.Services\Domain.Services.csproj", "{C98CAC83-8C8A-48C8-99F0-80367A15D1DA}"
EndProject
Project("{9A19103F-16F7-4668-BE54-9A1E7A4F7556}") = "UnitTesteInfrastructure", "UnitTesteInfrastructure\UnitTesteInfrastructure.csproj", "{1FF24172-EB10-4333-8B2B-58D92AC68E0B}"
EndProject
Project("{9A19103F-16F7-4668-BE54-9A1E7A4F7556}") = "Application", "Application\Application.csproj", "{0142BB60-ACE3-408C-85E4-93300AB1F785}"
EndProject
Project("{9A19103F-16F7-4668-BE54-9A1E7A4F7556}") = "HelpConfig", "HelpConfig\HelpConfig.csproj", "{ED9135AB-9237-4B69-BFC4-484E79052F52}"
EndProject
Project("{FAE04EC0-301F-11D3-BF4B-00C04F79EFBC}") = "MyFinances", "MyFinances\MyFinances.csproj", "{6C260B83-6B74-4BC5-A90F-07F67A7A7D53}"
EndProject
Global
	GlobalSection(SolutionConfigurationPlatforms) = preSolution
		Debug|Any CPU = Debug|Any CPU
		Release|Any CPU = Release|Any CPU
	EndGlobalSection
	GlobalSection(ProjectConfigurationPlatforms) = postSolution
		{D287ADC0-0381-4EF2-B597-7CB1EDBA8CFA}.Debug|Any CPU.ActiveCfg = Debug|Any CPU
		{D287ADC0-0381-4EF2-B597-7CB1EDBA8CFA}.Debug|Any CPU.Build.0 = Debug|Any CPU
		{D287ADC0-0381-4EF2-B597-7CB1EDBA8CFA}.Release|Any CPU.ActiveCfg = Release|Any CPU
		{D287ADC0-0381-4EF2-B597-7CB1EDBA8CFA}.Release|Any CPU.Build.0 = Release|Any CPU
		{9074BBCB-2837-4DE0-8F58-E7D60EC68441}.Debug|Any CPU.ActiveCfg = Debug|Any CPU
		{9074BBCB-2837-4DE0-8F58-E7D60EC68441}.Debug|Any CPU.Build.0 = Debug|Any CPU
		{9074BBCB-2837-4DE0-8F58-E7D60EC68441}.Release|Any CPU.ActiveCfg = Release|Any CPU
		{9074BBCB-2837-4DE0-8F58-E7D60EC68441}.Release|Any CPU.Build.0 = Release|Any CPU
		{985AA3DD-0CA4-48FB-AD09-499228814E98}.Debug|Any CPU.ActiveCfg = Debug|Any CPU
		{985AA3DD-0CA4-48FB-AD09-499228814E98}.Debug|Any CPU.Build.0 = Debug|Any CPU
		{985AA3DD-0CA4-48FB-AD09-499228814E98}.Release|Any CPU.ActiveCfg = Release|Any CPU
		{985AA3DD-0CA4-48FB-AD09-499228814E98}.Release|Any CPU.Build.0 = Release|Any CPU
		{C98CAC83-8C8A-48C8-99F0-80367A15D1DA}.Debug|Any CPU.ActiveCfg = Debug|Any CPU
		{C98CAC83-8C8A-48C8-99F0-80367A15D1DA}.Debug|Any CPU.Build.0 = Debug|Any CPU
		{C98CAC83-8C8A-48C8-99F0-80367A15D1DA}.Release|Any CPU.ActiveCfg = Release|Any CPU
		{C98CAC83-8C8A-48C8-99F0-80367A15D1DA}.Release|Any CPU.Build.0 = Release|Any CPU
		{1FF24172-EB10-4333-8B2B-58D92AC68E0B}.Debug|Any CPU.ActiveCfg = Debug|Any CPU
		{1FF24172-EB10-4333-8B2B-58D92AC68E0B}.Debug|Any CPU.Build.0 = Debug|Any CPU
		{1FF24172-EB10-4333-8B2B-58D92AC68E0B}.Release|Any CPU.ActiveCfg = Release|Any CPU
		{1FF24172-EB10-4333-8B2B-58D92AC68E0B}.Release|Any CPU.Build.0 = Release|Any CPU
		{0142BB60-ACE3-408C-85E4-93300AB1F785}.Debug|Any CPU.ActiveCfg = Debug|Any CPU
		{0142BB60-ACE3-408C-85E4-93300AB1F785}.Debug|Any CPU.Build.0 = Debug|Any CPU
		{0142BB60-ACE3-408C-85E4-93300AB1F785}.Release|Any CPU.ActiveCfg = Release|Any CPU
		{0142BB60-ACE3-408C-85E4-93300AB1F785}.Release|Any CPU.Build.0 = Release|Any CPU
		{ED9135AB-9237-4B69-BFC4-484E79052F52}.Debug|Any CPU.ActiveCfg = Debug|Any CPU
		{ED9135AB-9237-4B69-BFC4-484E79052F52}.Debug|Any CPU.Build.0 = Debug|Any CPU
		{ED9135AB-9237-4B69-BFC4-484E79052F52}.Release|Any CPU.ActiveCfg = Release|Any CPU
		{ED9135AB-9237-4B69-BFC4-484E79052F52}.Release|Any CPU.Build.0 = Release|Any CPU
		{6C260B83-6B74-4BC5-A90F-07F67A7A7D53}.Debug|Any CPU.ActiveCfg = Debug|Any CPU
		{6C260B83-6B74-4BC5-A90F-07F67A7A7D53}.Debug|Any CPU.Build.0 = Debug|Any CPU
		{6C260B83-6B74-4BC5-A90F-07F67A7A7D53}.Release|Any CPU.ActiveCfg = Release|Any CPU
		{6C260B83-6B74-4BC5-A90F-07F67A7A7D53}.Release|Any CPU.Build.0 = Release|Any CPU
	EndGlobalSection
	GlobalSection(SolutionProperties) = preSolution
		HideSolutionNode = FALSE
	EndGlobalSection
	GlobalSection(NestedProjects) = preSolution
		{D287ADC0-0381-4EF2-B597-7CB1EDBA8CFA} = {679B7BFC-A14F-4A11-A2FC-F22E743632C8}
		{9074BBCB-2837-4DE0-8F58-E7D60EC68441} = {7FA1D5D8-09FB-4D46-9F1B-D43D88E969D1}
		{985AA3DD-0CA4-48FB-AD09-499228814E98} = {7B9DDDAD-186E-4F9D-A1FE-654BC3044FA3}
		{C98CAC83-8C8A-48C8-99F0-80367A15D1DA} = {7B9DDDAD-186E-4F9D-A1FE-654BC3044FA3}
		{1FF24172-EB10-4333-8B2B-58D92AC68E0B} = {63F1497A-1C2A-4A19-A186-F84CD8AF9C13}
		{0142BB60-ACE3-408C-85E4-93300AB1F785} = {BC663025-7727-421B-9057-550DA80C6CFF}
		{ED9135AB-9237-4B69-BFC4-484E79052F52} = {85D2AD92-31B8-4D5E-9F03-26EF9C522221}
		{6C260B83-6B74-4BC5-A90F-07F67A7A7D53} = {BDC94A18-8AB3-461C-B7B1-68F430E0B84E}
	EndGlobalSection
	GlobalSection(ExtensibilityGlobals) = postSolution
		SolutionGuid = {85947031-F7B3-4401-A38E-D58C42D6C490}
	EndGlobalSection
EndGlobal
